
Microsoft Visual Studio Solution File, Format Version 12.00
# Visual Studio Version 17
VisualStudioVersion = 17.7.34202.233
MinimumVisualStudioVersion = 10.0.40219.1
Project("{9A19103F-16F7-4668-BE54-9A1E7A4F7556}") = "AbcAnalysis", "AbcAnalysis\AbcAnalysis.csproj", "{CC10F42A-A277-487D-A05F-7258416F6240}"
EndProject
Project("{FAE04EC0-301F-11D3-BF4B-00C04F79EFBC}") = "AbcAnalysis.Test", "AbcAnalysis.Test\AbcAnalysis.Test.csproj", "{69CEF656-467C-4DE9-9D0B-47C167E17025}"
EndProject
Global
	GlobalSection(SolutionConfigurationPlatforms) = preSolution
		Debug|Any CPU = Debug|Any CPU
		Release|Any CPU = Release|Any CPU
	EndGlobalSection
	GlobalSection(ProjectConfigurationPlatforms) = postSolution
		{CC10F42A-A277-487D-A05F-7258416F6240}.Debug|Any CPU.ActiveCfg = Debug|Any CPU
		{CC10F42A-A277-487D-A05F-7258416F6240}.Debug|Any CPU.Build.0 = Debug|Any CPU
		{CC10F42A-A277-487D-A05F-7258416F6240}.Release|Any CPU.ActiveCfg = Release|Any CPU
		{CC10F42A-A277-487D-A05F-7258416F6240}.Release|Any CPU.Build.0 = Release|Any CPU
		{69CEF656-467C-4DE9-9D0B-47C167E17025}.Debug|Any CPU.ActiveCfg = Debug|Any CPU
		{69CEF656-467C-4DE9-9D0B-47C167E17025}.Debug|Any CPU.Build.0 = Debug|Any CPU
		{69CEF656-467C-4DE9-9D0B-47C167E17025}.Release|Any CPU.ActiveCfg = Release|Any CPU
		{69CEF656-467C-4DE9-9D0B-47C167E17025}.Release|Any CPU.Build.0 = Release|Any CPU
	EndGlobalSection
	GlobalSection(SolutionProperties) = preSolution
		HideSolutionNode = FALSE
	EndGlobalSection
	GlobalSection(ExtensibilityGlobals) = postSolution
		SolutionGuid = {57C20DC7-9FB5-4496-83C9-8B8FC6867DE9}
	EndGlobalSection
EndGlobal
